// !$*UTF8*$!
{
	archiveVersion = 1;
	classes = {
	};
	objectVersion = 46;
	objects = {

/* Begin PBXBuildFile section */
		60A998991A6F05BB00E8E0CD /* main.m in Sources */ = {isa = PBXBuildFile; fileRef = 60A998981A6F05BB00E8E0CD /* main.m */; };
		60A9989C1A6F05BB00E8E0CD /* AppDelegate.m in Sources */ = {isa = PBXBuildFile; fileRef = 60A9989B1A6F05BB00E8E0CD /* AppDelegate.m */; };
		60A9989F1A6F05BB00E8E0CD /* RootViewController.m in Sources */ = {isa = PBXBuildFile; fileRef = 60A9989E1A6F05BB00E8E0CD /* RootViewController.m */; };
		60A998A21A6F05BB00E8E0CD /* Main.storyboard in Resources */ = {isa = PBXBuildFile; fileRef = 60A998A01A6F05BB00E8E0CD /* Main.storyboard */; };
		60A998A41A6F05BB00E8E0CD /* Images.xcassets in Resources */ = {isa = PBXBuildFile; fileRef = 60A998A31A6F05BB00E8E0CD /* Images.xcassets */; };
		60A998A71A6F05BB00E8E0CD /* LaunchScreen.xib in Resources */ = {isa = PBXBuildFile; fileRef = 60A998A51A6F05BB00E8E0CD /* LaunchScreen.xib */; };
		60A998B31A6F05BB00E8E0CD /* GetOnThatBusTests.m in Sources */ = {isa = PBXBuildFile; fileRef = 60A998B21A6F05BB00E8E0CD /* GetOnThatBusTests.m */; };
		60A998BD1A6F061700E8E0CD /* MapKit.framework in Frameworks */ = {isa = PBXBuildFile; fileRef = 60A998BC1A6F061700E8E0CD /* MapKit.framework */; };
		60A998C31A6F084200E8E0CD /* JSONParser.m in Sources */ = {isa = PBXBuildFile; fileRef = 60A998C21A6F084200E8E0CD /* JSONParser.m */; };
		60A998C61A6F1A8A00E8E0CD /* DetailViewController.m in Sources */ = {isa = PBXBuildFile; fileRef = 60A998C51A6F1A8A00E8E0CD /* DetailViewController.m */; };
		60A998CB1A6F263400E8E0CD /* BusStopPointAnnotation.m in Sources */ = {isa = PBXBuildFile; fileRef = 60A998CA1A6F263400E8E0CD /* BusStopPointAnnotation.m */; };
/* End PBXBuildFile section */

/* Begin PBXContainerItemProxy section */
		60A998AD1A6F05BB00E8E0CD /* PBXContainerItemProxy */ = {
			isa = PBXContainerItemProxy;
			containerPortal = 60A9988B1A6F05BB00E8E0CD /* Project object */;
			proxyType = 1;
			remoteGlobalIDString = 60A998921A6F05BB00E8E0CD;
			remoteInfo = GetOnThatBus;
		};
/* End PBXContainerItemProxy section */

/* Begin PBXFileReference section */
		60A998931A6F05BB00E8E0CD /* GetOnThatBus.app */ = {isa = PBXFileReference; explicitFileType = wrapper.application; includeInIndex = 0; path = GetOnThatBus.app; sourceTree = BUILT_PRODUCTS_DIR; };
		60A998971A6F05BB00E8E0CD /* Info.plist */ = {isa = PBXFileReference; lastKnownFileType = text.plist.xml; path = Info.plist; sourceTree = "<group>"; };
		60A998981A6F05BB00E8E0CD /* main.m */ = {isa = PBXFileReference; lastKnownFileType = sourcecode.c.objc; path = main.m; sourceTree = "<group>"; };
		60A9989A1A6F05BB00E8E0CD /* AppDelegate.h */ = {isa = PBXFileReference; lastKnownFileType = sourcecode.c.h; path = AppDelegate.h; sourceTree = "<group>"; };
		60A9989B1A6F05BB00E8E0CD /* AppDelegate.m */ = {isa = PBXFileReference; lastKnownFileType = sourcecode.c.objc; path = AppDelegate.m; sourceTree = "<group>"; };
		60A9989D1A6F05BB00E8E0CD /* RootViewController.h */ = {isa = PBXFileReference; lastKnownFileType = sourcecode.c.h; path = RootViewController.h; sourceTree = "<group>"; };
		60A9989E1A6F05BB00E8E0CD /* RootViewController.m */ = {isa = PBXFileReference; lastKnownFileType = sourcecode.c.objc; path = RootViewController.m; sourceTree = "<group>"; };
		60A998A11A6F05BB00E8E0CD /* Base */ = {isa = PBXFileReference; lastKnownFileType = file.storyboard; name = Base; path = Base.lproj/Main.storyboard; sourceTree = "<group>"; };
		60A998A31A6F05BB00E8E0CD /* Images.xcassets */ = {isa = PBXFileReference; lastKnownFileType = folder.assetcatalog; path = Images.xcassets; sourceTree = "<group>"; };
		60A998A61A6F05BB00E8E0CD /* Base */ = {isa = PBXFileReference; lastKnownFileType = file.xib; name = Base; path = Base.lproj/LaunchScreen.xib; sourceTree = "<group>"; };
		60A998AC1A6F05BB00E8E0CD /* GetOnThatBusTests.xctest */ = {isa = PBXFileReference; explicitFileType = wrapper.cfbundle; includeInIndex = 0; path = GetOnThatBusTests.xctest; sourceTree = BUILT_PRODUCTS_DIR; };
		60A998B11A6F05BB00E8E0CD /* Info.plist */ = {isa = PBXFileReference; lastKnownFileType = text.plist.xml; path = Info.plist; sourceTree = "<group>"; };
		60A998B21A6F05BB00E8E0CD /* GetOnThatBusTests.m */ = {isa = PBXFileReference; lastKnownFileType = sourcecode.c.objc; path = GetOnThatBusTests.m; sourceTree = "<group>"; };
		60A998BC1A6F061700E8E0CD /* MapKit.framework */ = {isa = PBXFileReference; lastKnownFileType = wrapper.framework; name = MapKit.framework; path = System/Library/Frameworks/MapKit.framework; sourceTree = SDKROOT; };
		60A998C11A6F084200E8E0CD /* JSONParser.h */ = {isa = PBXFileReference; fileEncoding = 4; lastKnownFileType = sourcecode.c.h; path = JSONParser.h; sourceTree = "<group>"; };
		60A998C21A6F084200E8E0CD /* JSONParser.m */ = {isa = PBXFileReference; fileEncoding = 4; lastKnownFileType = sourcecode.c.objc; path = JSONParser.m; sourceTree = "<group>"; };
		60A998C41A6F1A8900E8E0CD /* DetailViewController.h */ = {isa = PBXFileReference; fileEncoding = 4; lastKnownFileType = sourcecode.c.h; path = DetailViewController.h; sourceTree = "<group>"; };
		60A998C51A6F1A8A00E8E0CD /* DetailViewController.m */ = {isa = PBXFileReference; fileEncoding = 4; lastKnownFileType = sourcecode.c.objc; path = DetailViewController.m; sourceTree = "<group>"; };
		60A998C91A6F263400E8E0CD /* BusStopPointAnnotation.h */ = {isa = PBXFileReference; fileEncoding = 4; lastKnownFileType = sourcecode.c.h; path = BusStopPointAnnotation.h; sourceTree = "<group>"; };
		60A998CA1A6F263400E8E0CD /* BusStopPointAnnotation.m */ = {isa = PBXFileReference; fileEncoding = 4; lastKnownFileType = sourcecode.c.objc; path = BusStopPointAnnotation.m; sourceTree = "<group>"; };
/* End PBXFileReference section */

/* Begin PBXFrameworksBuildPhase section */
		60A998901A6F05BB00E8E0CD /* Frameworks */ = {
			isa = PBXFrameworksBuildPhase;
			buildActionMask = 2147483647;
			files = (
				60A998BD1A6F061700E8E0CD /* MapKit.framework in Frameworks */,
			);
			runOnlyForDeploymentPostprocessing = 0;
		};
		60A998A91A6F05BB00E8E0CD /* Frameworks */ = {
			isa = PBXFrameworksBuildPhase;
			buildActionMask = 2147483647;
			files = (
			);
			runOnlyForDeploymentPostprocessing = 0;
		};
/* End PBXFrameworksBuildPhase section */

/* Begin PBXGroup section */
		60A9988A1A6F05BB00E8E0CD = {
			isa = PBXGroup;
			children = (
				60A998BC1A6F061700E8E0CD /* MapKit.framework */,
				60A998951A6F05BB00E8E0CD /* GetOnThatBus */,
				60A998AF1A6F05BB00E8E0CD /* GetOnThatBusTests */,
				60A998941A6F05BB00E8E0CD /* Products */,
			);
			sourceTree = "<group>";
		};
		60A998941A6F05BB00E8E0CD /* Products */ = {
			isa = PBXGroup;
			children = (
				60A998931A6F05BB00E8E0CD /* GetOnThatBus.app */,
				60A998AC1A6F05BB00E8E0CD /* GetOnThatBusTests.xctest */,
			);
			name = Products;
			sourceTree = "<group>";
		};
		60A998951A6F05BB00E8E0CD /* GetOnThatBus */ = {
			isa = PBXGroup;
			children = (
				60A9989A1A6F05BB00E8E0CD /* AppDelegate.h */,
				60A9989B1A6F05BB00E8E0CD /* AppDelegate.m */,
				60A998C71A6F1A9600E8E0CD /* View Controllers */,
				60A998C81A6F1AA200E8E0CD /* Custom Classes */,
				60A998A01A6F05BB00E8E0CD /* Main.storyboard */,
				60A998A31A6F05BB00E8E0CD /* Images.xcassets */,
				60A998A51A6F05BB00E8E0CD /* LaunchScreen.xib */,
				60A998961A6F05BB00E8E0CD /* Supporting Files */,
			);
			path = GetOnThatBus;
			sourceTree = "<group>";
		};
		60A998961A6F05BB00E8E0CD /* Supporting Files */ = {
			isa = PBXGroup;
			children = (
				60A998971A6F05BB00E8E0CD /* Info.plist */,
				60A998981A6F05BB00E8E0CD /* main.m */,
			);
			name = "Supporting Files";
			sourceTree = "<group>";
		};
		60A998AF1A6F05BB00E8E0CD /* GetOnThatBusTests */ = {
			isa = PBXGroup;
			children = (
				60A998B21A6F05BB00E8E0CD /* GetOnThatBusTests.m */,
				60A998B01A6F05BB00E8E0CD /* Supporting Files */,
			);
			path = GetOnThatBusTests;
			sourceTree = "<group>";
		};
		60A998B01A6F05BB00E8E0CD /* Supporting Files */ = {
			isa = PBXGroup;
			children = (
				60A998B11A6F05BB00E8E0CD /* Info.plist */,
			);
			name = "Supporting Files";
			sourceTree = "<group>";
		};
		60A998C71A6F1A9600E8E0CD /* View Controllers */ = {
			isa = PBXGroup;
			children = (
				60A9989D1A6F05BB00E8E0CD /* RootViewController.h */,
				60A9989E1A6F05BB00E8E0CD /* RootViewController.m */,
				60A998C41A6F1A8900E8E0CD /* DetailViewController.h */,
				60A998C51A6F1A8A00E8E0CD /* DetailViewController.m */,
			);
			name = "View Controllers";
			sourceTree = "<group>";
		};
		60A998C81A6F1AA200E8E0CD /* Custom Classes */ = {
			isa = PBXGroup;
			children = (
				60A998C11A6F084200E8E0CD /* JSONParser.h */,
				60A998C21A6F084200E8E0CD /* JSONParser.m */,
				60A998C91A6F263400E8E0CD /* BusStopPointAnnotation.h */,
				60A998CA1A6F263400E8E0CD /* BusStopPointAnnotation.m */,
			);
			name = "Custom Classes";
			sourceTree = "<group>";
		};
/* End PBXGroup section */

/* Begin PBXNativeTarget section */
		60A998921A6F05BB00E8E0CD /* GetOnThatBus */ = {
			isa = PBXNativeTarget;
			buildConfigurationList = 60A998B61A6F05BB00E8E0CD /* Build configuration list for PBXNativeTarget "GetOnThatBus" */;
			buildPhases = (
				60A9988F1A6F05BB00E8E0CD /* Sources */,
				60A998901A6F05BB00E8E0CD /* Frameworks */,
				60A998911A6F05BB00E8E0CD /* Resources */,
			);
			buildRules = (
			);
			dependencies = (
			);
			name = GetOnThatBus;
			productName = GetOnThatBus;
			productReference = 60A998931A6F05BB00E8E0CD /* GetOnThatBus.app */;
			productType = "com.apple.product-type.application";
		};
		60A998AB1A6F05BB00E8E0CD /* GetOnThatBusTests */ = {
			isa = PBXNativeTarget;
			buildConfigurationList = 60A998B91A6F05BB00E8E0CD /* Build configuration list for PBXNativeTarget "GetOnThatBusTests" */;
			buildPhases = (
				60A998A81A6F05BB00E8E0CD /* Sources */,
				60A998A91A6F05BB00E8E0CD /* Frameworks */,
				60A998AA1A6F05BB00E8E0CD /* Resources */,
			);
			buildRules = (
			);
			dependencies = (
				60A998AE1A6F05BB00E8E0CD /* PBXTargetDependency */,
			);
			name = GetOnThatBusTests;
			productName = GetOnThatBusTests;
			productReference = 60A998AC1A6F05BB00E8E0CD /* GetOnThatBusTests.xctest */;
			productType = "com.apple.product-type.bundle.unit-test";
		};
/* End PBXNativeTarget section */

/* Begin PBXProject section */
		60A9988B1A6F05BB00E8E0CD /* Project object */ = {
			isa = PBXProject;
			attributes = {
				LastUpgradeCheck = 0610;
				ORGANIZATIONNAME = "Yi-Chin Sun";
				TargetAttributes = {
					60A998921A6F05BB00E8E0CD = {
						CreatedOnToolsVersion = 6.1.1;
					};
					60A998AB1A6F05BB00E8E0CD = {
						CreatedOnToolsVersion = 6.1.1;
						TestTargetID = 60A998921A6F05BB00E8E0CD;
					};
				};
			};
			buildConfigurationList = 60A9988E1A6F05BB00E8E0CD /* Build configuration list for PBXProject "GetOnThatBus" */;
			compatibilityVersion = "Xcode 3.2";
			developmentRegion = English;
			hasScannedForEncodings = 0;
			knownRegions = (
				en,
				Base,
			);
			mainGroup = 60A9988A1A6F05BB00E8E0CD;
			productRefGroup = 60A998941A6F05BB00E8E0CD /* Products */;
			projectDirPath = "";
			projectRoot = "";
			targets = (
				60A998921A6F05BB00E8E0CD /* GetOnThatBus */,
				60A998AB1A6F05BB00E8E0CD /* GetOnThatBusTests */,
			);
		};
/* End PBXProject section */

/* Begin PBXResourcesBuildPhase section */
		60A998911A6F05BB00E8E0CD /* Resources */ = {
			isa = PBXResourcesBuildPhase;
			buildActionMask = 2147483647;
			files = (
				60A998A21A6F05BB00E8E0CD /* Main.storyboard in Resources */,
				60A998A71A6F05BB00E8E0CD /* LaunchScreen.xib in Resources */,
				60A998A41A6F05BB00E8E0CD /* Images.xcassets in Resources */,
			);
			runOnlyForDeploymentPostprocessing = 0;
		};
		60A998AA1A6F05BB00E8E0CD /* Resources */ = {
			isa = PBXResourcesBuildPhase;
			buildActionMask = 2147483647;
			files = (
			);
			runOnlyForDeploymentPostprocessing = 0;
		};
/* End PBXResourcesBuildPhase section */

/* Begin PBXSourcesBuildPhase section */
		60A9988F1A6F05BB00E8E0CD /* Sources */ = {
			isa = PBXSourcesBuildPhase;
			buildActionMask = 2147483647;
			files = (
				60A9989F1A6F05BB00E8E0CD /* RootViewController.m in Sources */,
				60A998CB1A6F263400E8E0CD /* BusStopPointAnnotation.m in Sources */,
				60A9989C1A6F05BB00E8E0CD /* AppDelegate.m in Sources */,
				60A998C31A6F084200E8E0CD /* JSONParser.m in Sources */,
				60A998991A6F05BB00E8E0CD /* main.m in Sources */,
				60A998C61A6F1A8A00E8E0CD /* DetailViewController.m in Sources */,
			);
			runOnlyForDeploymentPostprocessing = 0;
		};
		60A998A81A6F05BB00E8E0CD /* Sources */ = {
			isa = PBXSourcesBuildPhase;
			buildActionMask = 2147483647;
			files = (
				60A998B31A6F05BB00E8E0CD /* GetOnThatBusTests.m in Sources */,
			);
			runOnlyForDeploymentPostprocessing = 0;
		};
/* End PBXSourcesBuildPhase section */

/* Begin PBXTargetDependency section */
		60A998AE1A6F05BB00E8E0CD /* PBXTargetDependency */ = {
			isa = PBXTargetDependency;
			target = 60A998921A6F05BB00E8E0CD /* GetOnThatBus */;
			targetProxy = 60A998AD1A6F05BB00E8E0CD /* PBXContainerItemProxy */;
		};
/* End PBXTargetDependency section */

/* Begin PBXVariantGroup section */
		60A998A01A6F05BB00E8E0CD /* Main.storyboard */ = {
			isa = PBXVariantGroup;
			children = (
				60A998A11A6F05BB00E8E0CD /* Base */,
			);
			name = Main.storyboard;
			sourceTree = "<group>";
		};
		60A998A51A6F05BB00E8E0CD /* LaunchScreen.xib */ = {
			isa = PBXVariantGroup;
			children = (
				60A998A61A6F05BB00E8E0CD /* Base */,
			);
			name = LaunchScreen.xib;
			sourceTree = "<group>";
		};
/* End PBXVariantGroup section */

/* Begin XCBuildConfiguration section */
		60A998B41A6F05BB00E8E0CD /* Debug */ = {
			isa = XCBuildConfiguration;
			buildSettings = {
				ALWAYS_SEARCH_USER_PATHS = NO;
				CLANG_CXX_LANGUAGE_STANDARD = "gnu++0x";
				CLANG_CXX_LIBRARY = "libc++";
				CLANG_ENABLE_MODULES = YES;
				CLANG_ENABLE_OBJC_ARC = YES;
				CLANG_WARN_BOOL_CONVERSION = YES;
				CLANG_WARN_CONSTANT_CONVERSION = YES;
				CLANG_WARN_DIRECT_OBJC_ISA_USAGE = YES_ERROR;
				CLANG_WARN_EMPTY_BODY = YES;
				CLANG_WARN_ENUM_CONVERSION = YES;
				CLANG_WARN_INT_CONVERSION = YES;
				CLANG_WARN_OBJC_ROOT_CLASS = YES_ERROR;
				CLANG_WARN_UNREACHABLE_CODE = YES;
				CLANG_WARN__DUPLICATE_METHOD_MATCH = YES;
				"CODE_SIGN_IDENTITY[sdk=iphoneos*]" = "iPhone Developer";
				COPY_PHASE_STRIP = NO;
				ENABLE_STRICT_OBJC_MSGSEND = YES;
				GCC_C_LANGUAGE_STANDARD = gnu99;
				GCC_DYNAMIC_NO_PIC = NO;
				GCC_OPTIMIZATION_LEVEL = 0;
				GCC_PREPROCESSOR_DEFINITIONS = (
					"DEBUG=1",
					"$(inherited)",
				);
				GCC_SYMBOLS_PRIVATE_EXTERN = NO;
				GCC_WARN_64_TO_32_BIT_CONVERSION = YES;
				GCC_WARN_ABOUT_RETURN_TYPE = YES_ERROR;
				GCC_WARN_UNDECLARED_SELECTOR = YES;
				GCC_WARN_UNINITIALIZED_AUTOS = YES_AGGRESSIVE;
				GCC_WARN_UNUSED_FUNCTION = YES;
				GCC_WARN_UNUSED_VARIABLE = YES;
				IPHONEOS_DEPLOYMENT_TARGET = 8.1;
				MTL_ENABLE_DEBUG_INFO = YES;
				ONLY_ACTIVE_ARCH = YES;
				SDKROOT = iphoneos;
			};
			name = Debug;
		};
		60A998B51A6F05BB00E8E0CD /* Release */ = {
			isa = XCBuildConfiguration;
			buildSettings = {
				ALWAYS_SEARCH_USER_PATHS = NO;
				CLANG_CXX_LANGUAGE_STANDARD = "gnu++0x";
				CLANG_CXX_LIBRARY = "libc++";
				CLANG_ENABLE_MODULES = YES;
				CLANG_ENABLE_OBJC_ARC = YES;
				CLANG_WARN_BOOL_CONVERSION = YES;
				CLANG_WARN_CONSTANT_CONVERSION = YES;
				CLANG_WARN_DIRECT_OBJC_ISA_USAGE = YES_ERROR;
				CLANG_WARN_EMPTY_BODY = YES;
				CLANG_WARN_ENUM_CONVERSION = YES;
				CLANG_WARN_INT_CONVERSION = YES;
				CLANG_WARN_OBJC_ROOT_CLASS = YES_ERROR;
				CLANG_WARN_UNREACHABLE_CODE = YES;
				CLANG_WARN__DUPLICATE_METHOD_MATCH = YES;
				"CODE_SIGN_IDENTITY[sdk=iphoneos*]" = "iPhone Developer";
				COPY_PHASE_STRIP = YES;
				ENABLE_NS_ASSERTIONS = NO;
				ENABLE_STRICT_OBJC_MSGSEND = YES;
				GCC_C_LANGUAGE_STANDARD = gnu99;
				GCC_WARN_64_TO_32_BIT_CONVERSION = YES;
				GCC_WARN_ABOUT_RETURN_TYPE = YES_ERROR;
				GCC_WARN_UNDECLARED_SELECTOR = YES;
				GCC_WARN_UNINITIALIZED_AUTOS = YES_AGGRESSIVE;
				GCC_WARN_UNUSED_FUNCTION = YES;
				GCC_WARN_UNUSED_VARIABLE = YES;
				IPHONEOS_DEPLOYMENT_TARGET = 8.1;
				MTL_ENABLE_DEBUG_INFO = NO;
				SDKROOT = iphoneos;
				VALIDATE_PRODUCT = YES;
			};
			name = Release;
		};
		60A998B71A6F05BB00E8E0CD /* Debug */ = {
			isa = XCBuildConfiguration;
			buildSettings = {
				ASSETCATALOG_COMPILER_APPICON_NAME = AppIcon;
				INFOPLIST_FILE = GetOnThatBus/Info.plist;
				LD_RUNPATH_SEARCH_PATHS = "$(inherited) @executable_path/Frameworks";
				PRODUCT_NAME = "$(TARGET_NAME)";
			};
			name = Debug;
		};
		60A998B81A6F05BB00E8E0CD /* Release */ = {
			isa = XCBuildConfiguration;
			buildSettings = {
				ASSETCATALOG_COMPILER_APPICON_NAME = AppIcon;
				INFOPLIST_FILE = GetOnThatBus/Info.plist;
				LD_RUNPATH_SEARCH_PATHS = "$(inherited) @executable_path/Frameworks";
				PRODUCT_NAME = "$(TARGET_NAME)";
			};
			name = Release;
		};
		60A998BA1A6F05BB00E8E0CD /* Debug */ = {
			isa = XCBuildConfiguration;
			buildSettings = {
				BUNDLE_LOADER = "$(TEST_HOST)";
				FRAMEWORK_SEARCH_PATHS = (
					"$(SDKROOT)/Developer/Library/Frameworks",
					"$(inherited)",
				);
				GCC_PREPROCESSOR_DEFINITIONS = (
					"DEBUG=1",
					"$(inherited)",
				);
				INFOPLIST_FILE = GetOnThatBusTests/Info.plist;
				LD_RUNPATH_SEARCH_PATHS = "$(inherited) @executable_path/Frameworks @loader_path/Frameworks";
				PRODUCT_NAME = "$(TARGET_NAME)";
				TEST_HOST = "$(BUILT_PRODUCTS_DIR)/GetOnThatBus.app/GetOnThatBus";
			};
			name = Debug;
		};
		60A998BB1A6F05BB00E8E0CD /* Release */ = {
			isa = XCBuildConfiguration;
			buildSettings = {
				BUNDLE_LOADER = "$(TEST_HOST)";
				FRAMEWORK_SEARCH_PATHS = (
					"$(SDKROOT)/Developer/Library/Frameworks",
					"$(inherited)",
				);
				INFOPLIST_FILE = GetOnThatBusTests/Info.plist;
				LD_RUNPATH_SEARCH_PATHS = "$(inherited) @executable_path/Frameworks @loader_path/Frameworks";
				PRODUCT_NAME = "$(TARGET_NAME)";
				TEST_HOST = "$(BUILT_PRODUCTS_DIR)/GetOnThatBus.app/GetOnThatBus";
			};
			name = Release;
		};
/* End XCBuildConfiguration section */

/* Begin XCConfigurationList section */
		60A9988E1A6F05BB00E8E0CD /* Build configuration list for PBXProject "GetOnThatBus" */ = {
			isa = XCConfigurationList;
			buildConfigurations = (
				60A998B41A6F05BB00E8E0CD /* Debug */,
				60A998B51A6F05BB00E8E0CD /* Release */,
			);
			defaultConfigurationIsVisible = 0;
			defaultConfigurationName = Release;
		};
		60A998B61A6F05BB00E8E0CD /* Build configuration list for PBXNativeTarget "GetOnThatBus" */ = {
			isa = XCConfigurationList;
			buildConfigurations = (
				60A998B71A6F05BB00E8E0CD /* Debug */,
				60A998B81A6F05BB00E8E0CD /* Release */,
			);
			defaultConfigurationIsVisible = 0;
		};
		60A998B91A6F05BB00E8E0CD /* Build configuration list for PBXNativeTarget "GetOnThatBusTests" */ = {
			isa = XCConfigurationList;
			buildConfigurations = (
				60A998BA1A6F05BB00E8E0CD /* Debug */,
				60A998BB1A6F05BB00E8E0CD /* Release */,
			);
			defaultConfigurationIsVisible = 0;
		};
/* End XCConfigurationList section */
	};
	rootObject = 60A9988B1A6F05BB00E8E0CD /* Project object */;
}
